
Microsoft Visual Studio Solution File, Format Version 12.00
# Visual Studio 15
VisualStudioVersion = 15.0.28307.271
MinimumVisualStudioVersion = 10.0.40219.1
Project("{FAE04EC0-301F-11D3-BF4B-00C04F79EFBC}") = "ThreadsControlDemo", "ThreadsControlDemo\ThreadsControlDemo.csproj", "{7C9418EF-1326-4D03-8794-0947519951DA}"
EndProject
Global
	GlobalSection(SolutionConfigurationPlatforms) = preSolution
		Debug|Any CPU = Debug|Any CPU
		Release|Any CPU = Release|Any CPU
	EndGlobalSection
	GlobalSection(ProjectConfigurationPlatforms) = postSolution
		{7C9418EF-1326-4D03-8794-0947519951DA}.Debug|Any CPU.ActiveCfg = Debug|Any CPU
		{7C9418EF-1326-4D03-8794-0947519951DA}.Debug|Any CPU.Build.0 = Debug|Any CPU
		{7C9418EF-1326-4D03-8794-0947519951DA}.Release|Any CPU.ActiveCfg = Release|Any CPU
		{7C9418EF-1326-4D03-8794-0947519951DA}.Release|Any CPU.Build.0 = Release|Any CPU
	EndGlobalSection
	GlobalSection(SolutionProperties) = preSolution
		HideSolutionNode = FALSE
	EndGlobalSection
	GlobalSection(ExtensibilityGlobals) = postSolution
		SolutionGuid = {A72C6CD6-08F2-4435-8BBD-F18902ECD648}
	EndGlobalSection
EndGlobal
